
Microsoft Visual Studio Solution File, Format Version 12.00
# Visual Studio Version 17
VisualStudioVersion = 17.8.34601.278
MinimumVisualStudioVersion = 10.0.40219.1
Project("{FAE04EC0-301F-11D3-BF4B-00C04F79EFBC}") = "crud-api", "crud-api\crud-api.csproj", "{D39402E7-D31B-4E52-BC3C-5AEF5C5BCBAF}"
EndProject
Global
	GlobalSection(SolutionConfigurationPlatforms) = preSolution
		Debug|Any CPU = Debug|Any CPU
		Release|Any CPU = Release|Any CPU
	EndGlobalSection
	GlobalSection(ProjectConfigurationPlatforms) = postSolution
		{D39402E7-D31B-4E52-BC3C-5AEF5C5BCBAF}.Debug|Any CPU.ActiveCfg = Debug|Any CPU
		{D39402E7-D31B-4E52-BC3C-5AEF5C5BCBAF}.Debug|Any CPU.Build.0 = Debug|Any CPU
		{D39402E7-D31B-4E52-BC3C-5AEF5C5BCBAF}.Release|Any CPU.ActiveCfg = Release|Any CPU
		{D39402E7-D31B-4E52-BC3C-5AEF5C5BCBAF}.Release|Any CPU.Build.0 = Release|Any CPU
	EndGlobalSection
	GlobalSection(SolutionProperties) = preSolution
		HideSolutionNode = FALSE
	EndGlobalSection
	GlobalSection(ExtensibilityGlobals) = postSolution
		SolutionGuid = {D636B0ED-3172-4E65-A8D0-63644682FFAE}
	EndGlobalSection
EndGlobal
